
Microsoft Visual Studio Solution File, Format Version 12.00
# Visual Studio Version 16
VisualStudioVersion = 16.0.31025.194
MinimumVisualStudioVersion = 10.0.40219.1
Project("{FAE04EC0-301F-11D3-BF4B-00C04F79EFBC}") = "MyExpenses", "MyExpenses\MyExpenses.csproj", "{08524889-12E2-4EC0-961B-71FAD7E88497}"
EndProject
Project("{FAE04EC0-301F-11D3-BF4B-00C04F79EFBC}") = "MyExpenses.DataAccess", "MyExpenses.DataAccess\MyExpenses.DataAccess.csproj", "{BFDAD80A-F8B3-4927-9BB0-EE63A9C7D78C}"
EndProject
Global
	GlobalSection(SolutionConfigurationPlatforms) = preSolution
		Debug|Any CPU = Debug|Any CPU
		Release|Any CPU = Release|Any CPU
	EndGlobalSection
	GlobalSection(ProjectConfigurationPlatforms) = postSolution
		{08524889-12E2-4EC0-961B-71FAD7E88497}.Debug|Any CPU.ActiveCfg = Debug|Any CPU
		{08524889-12E2-4EC0-961B-71FAD7E88497}.Debug|Any CPU.Build.0 = Debug|Any CPU
		{08524889-12E2-4EC0-961B-71FAD7E88497}.Release|Any CPU.ActiveCfg = Release|Any CPU
		{08524889-12E2-4EC0-961B-71FAD7E88497}.Release|Any CPU.Build.0 = Release|Any CPU
		{BFDAD80A-F8B3-4927-9BB0-EE63A9C7D78C}.Debug|Any CPU.ActiveCfg = Debug|Any CPU
		{BFDAD80A-F8B3-4927-9BB0-EE63A9C7D78C}.Debug|Any CPU.Build.0 = Debug|Any CPU
		{BFDAD80A-F8B3-4927-9BB0-EE63A9C7D78C}.Release|Any CPU.ActiveCfg = Release|Any CPU
		{BFDAD80A-F8B3-4927-9BB0-EE63A9C7D78C}.Release|Any CPU.Build.0 = Release|Any CPU
	EndGlobalSection
	GlobalSection(SolutionProperties) = preSolution
		HideSolutionNode = FALSE
	EndGlobalSection
	GlobalSection(ExtensibilityGlobals) = postSolution
		SolutionGuid = {9E70466A-0AB4-4C64-9A46-EBDE876FB2C0}
	EndGlobalSection
EndGlobal
